
Microsoft Visual Studio Solution File, Format Version 12.00
# Visual Studio Version 17
VisualStudioVersion = 17.14.36414.22 d17.14
MinimumVisualStudioVersion = 10.0.40219.1
Project("{FAE04EC0-301F-11D3-BF4B-00C04F79EFBC}") = "application", "application.csproj", "{490CC5A2-78D2-477D-8842-1A7D1566AFE2}"
EndProject
Global
	GlobalSection(SolutionConfigurationPlatforms) = preSolution
		Debug|Any CPU = Debug|Any CPU
		Release|Any CPU = Release|Any CPU
	EndGlobalSection
	GlobalSection(ProjectConfigurationPlatforms) = postSolution
		{490CC5A2-78D2-477D-8842-1A7D1566AFE2}.Debug|Any CPU.ActiveCfg = Debug|Any CPU
		{490CC5A2-78D2-477D-8842-1A7D1566AFE2}.Debug|Any CPU.Build.0 = Debug|Any CPU
		{490CC5A2-78D2-477D-8842-1A7D1566AFE2}.Release|Any CPU.ActiveCfg = Release|Any CPU
		{490CC5A2-78D2-477D-8842-1A7D1566AFE2}.Release|Any CPU.Build.0 = Release|Any CPU
	EndGlobalSection
	GlobalSection(SolutionProperties) = preSolution
		HideSolutionNode = FALSE
	EndGlobalSection
	GlobalSection(ExtensibilityGlobals) = postSolution
		SolutionGuid = {8C29113E-EEDC-430D-BD09-40939673180F}
	EndGlobalSection
EndGlobal
